
Microsoft Visual Studio Solution File, Format Version 12.00
# Visual Studio 2012
Project("{FAE04EC0-301F-11D3-BF4B-00C04F79EFBC}") = "ChromeDebug", "ChromeDebug\ChromeDebug.csproj", "{4CC60BED-569D-481A-B56B-6ECBC23CBC16}"
EndProject
Project("{FAE04EC0-301F-11D3-BF4B-00C04F79EFBC}") = "LowLevel", "LowLevel\LowLevel.csproj", "{998C0725-F123-4ED3-9D44-12C1945F00D1}"
EndProject
Global
	GlobalSection(SolutionConfigurationPlatforms) = preSolution
		Debug|Any CPU = Debug|Any CPU
		Release|Any CPU = Release|Any CPU
	EndGlobalSection
	GlobalSection(ProjectConfigurationPlatforms) = postSolution
		{4CC60BED-569D-481A-B56B-6ECBC23CBC16}.Debug|Any CPU.ActiveCfg = Debug|Any CPU
		{4CC60BED-569D-481A-B56B-6ECBC23CBC16}.Debug|Any CPU.Build.0 = Debug|Any CPU
		{4CC60BED-569D-481A-B56B-6ECBC23CBC16}.Release|Any CPU.ActiveCfg = Release|Any CPU
		{4CC60BED-569D-481A-B56B-6ECBC23CBC16}.Release|Any CPU.Build.0 = Release|Any CPU
		{998C0725-F123-4ED3-9D44-12C1945F00D1}.Debug|Any CPU.ActiveCfg = Debug|Any CPU
		{998C0725-F123-4ED3-9D44-12C1945F00D1}.Debug|Any CPU.Build.0 = Debug|Any CPU
		{998C0725-F123-4ED3-9D44-12C1945F00D1}.Release|Any CPU.ActiveCfg = Release|Any CPU
		{998C0725-F123-4ED3-9D44-12C1945F00D1}.Release|Any CPU.Build.0 = Release|Any CPU
	EndGlobalSection
	GlobalSection(SolutionProperties) = preSolution
		HideSolutionNode = FALSE
	EndGlobalSection
EndGlobal
