Microsoft Visual Studio Solution File, Format Version 9.00
# Visual Studio 2005
Project("{8BC9CEB8-8B4A-11D0-8D11-00A0C91BC942}") = "sandbox", "src\sandbox.vcproj", "{881F6A97-D539-4C48-B401-DF04385B2343}"
EndProject
Project("{8BC9CEB8-8B4A-11D0-8D11-00A0C91BC942}") = "sbox_unittests", "tests\unit_tests\sbox_unittests.vcproj", "{883553BE-2A9D-418C-A121-61FE1DFBC562}"
	ProjectSection(ProjectDependencies) = postProject
		{1832A374-8A74-4F9E-B536-69A699B3E165} = {1832A374-8A74-4F9E-B536-69A699B3E165}
		{881F6A97-D539-4C48-B401-DF04385B2343} = {881F6A97-D539-4C48-B401-DF04385B2343}
		{BFE8E2A7-3B3B-43B0-A994-3058B852DB8B} = {BFE8E2A7-3B3B-43B0-A994-3058B852DB8B}
	EndProjectSection
EndProject
Project("{2150E333-8FDC-42A3-9474-1A3956D46DE8}") = "tests", "tests", "{F7A3B82E-B8B4-4FDF-BC8E-FEC9398F57ED}"
EndProject
Project("{8BC9CEB8-8B4A-11D0-8D11-00A0C91BC942}") = "sbox_validation_tests", "tests\validation_tests\sbox_validation_tests.vcproj", "{B9CC7B0D-145A-49C2-B887-84E43CFA0F27}"
	ProjectSection(ProjectDependencies) = postProject
		{1832A374-8A74-4F9E-B536-69A699B3E165} = {1832A374-8A74-4F9E-B536-69A699B3E165}
		{881F6A97-D539-4C48-B401-DF04385B2343} = {881F6A97-D539-4C48-B401-DF04385B2343}
		{BFE8E2A7-3B3B-43B0-A994-3058B852DB8B} = {BFE8E2A7-3B3B-43B0-A994-3058B852DB8B}
	EndProjectSection
EndProject
Project("{2150E333-8FDC-42A3-9474-1A3956D46DE8}") = "dependencies", "dependencies", "{BCE54389-D18D-48B9-977E-9D1998200F63}"
EndProject
Project("{8BC9CEB8-8B4A-11D0-8D11-00A0C91BC942}") = "debug_message", "..\base\debug_message.vcproj", "{F0F92189-193A-6607-C2BB-0F98BBD19ADF}"
EndProject
Project("{2150E333-8FDC-42A3-9474-1A3956D46DE8}") = "tools", "tools", "{7F36EE20-5016-4051-B0D7-42824CDA0291}"
EndProject
Project("{2150E333-8FDC-42A3-9474-1A3956D46DE8}") = "proof_of_concept", "proof_of_concept", "{B607BE7B-3555-422C-A40B-28E73C0B5E24}"
EndProject
Project("{8BC9CEB8-8B4A-11D0-8D11-00A0C91BC942}") = "sandbox_poc", "sandbox_poc\sandbox_poc.vcproj", "{CF757839-F2A1-417C-8F25-DCAE480020F1}"
	ProjectSection(ProjectDependencies) = postProject
		{1832A374-8A74-4F9E-B536-69A699B3E165} = {1832A374-8A74-4F9E-B536-69A699B3E165}
		{881F6A97-D539-4C48-B401-DF04385B2343} = {881F6A97-D539-4C48-B401-DF04385B2343}
		{AE5BFB87-850E-4454-B01D-58E7D8BAC224} = {AE5BFB87-850E-4454-B01D-58E7D8BAC224}
	EndProjectSection
EndProject
Project("{8BC9CEB8-8B4A-11D0-8D11-00A0C91BC942}") = "pocdll", "sandbox_poc\pocdll\pocdll.vcproj", "{AE5BFB87-850E-4454-B01D-58E7D8BAC224}"
EndProject
Project("{8BC9CEB8-8B4A-11D0-8D11-00A0C91BC942}") = "finder", "tools\finder\finder.vcproj", "{ACDC2E06-0366-41A4-A646-C37E130A605D}"
	ProjectSection(ProjectDependencies) = postProject
		{1832A374-8A74-4F9E-B536-69A699B3E165} = {1832A374-8A74-4F9E-B536-69A699B3E165}
		{881F6A97-D539-4C48-B401-DF04385B2343} = {881F6A97-D539-4C48-B401-DF04385B2343}
	EndProjectSection
EndProject
Project("{8BC9CEB8-8B4A-11D0-8D11-00A0C91BC942}") = "launcher", "tools\launcher\launcher.vcproj", "{386FA217-FBC2-4461-882D-CDAD221ED800}"
	ProjectSection(ProjectDependencies) = postProject
		{1832A374-8A74-4F9E-B536-69A699B3E165} = {1832A374-8A74-4F9E-B536-69A699B3E165}
		{881F6A97-D539-4C48-B401-DF04385B2343} = {881F6A97-D539-4C48-B401-DF04385B2343}
	EndProjectSection
EndProject
Project("{8BC9CEB8-8B4A-11D0-8D11-00A0C91BC942}") = "sbox_integration_tests", "tests\integration_tests\sbox_integration_tests.vcproj", "{542D4B3B-98D4-4233-B68D-0103891508C6}"
	ProjectSection(ProjectDependencies) = postProject
		{1832A374-8A74-4F9E-B536-69A699B3E165} = {1832A374-8A74-4F9E-B536-69A699B3E165}
		{881F6A97-D539-4C48-B401-DF04385B2343} = {881F6A97-D539-4C48-B401-DF04385B2343}
		{BFE8E2A7-3B3B-43B0-A994-3058B852DB8B} = {BFE8E2A7-3B3B-43B0-A994-3058B852DB8B}
	EndProjectSection
EndProject
Project("{8BC9CEB8-8B4A-11D0-8D11-00A0C91BC942}") = "base", "..\base\base.vcproj", "{1832A374-8A74-4F9E-B536-69A699B3E165}"
EndProject
Project("{8BC9CEB8-8B4A-11D0-8D11-00A0C91BC942}") = "gtest", "..\testing\gtest.vcproj", "{BFE8E2A7-3B3B-43B0-A994-3058B852DB8B}"
EndProject
Global
	GlobalSection(SolutionConfigurationPlatforms) = preSolution
		Debug|Win32 = Debug|Win32
		Release|Win32 = Release|Win32
	EndGlobalSection
	GlobalSection(ProjectConfigurationPlatforms) = postSolution
		{881F6A97-D539-4C48-B401-DF04385B2343}.Debug|Win32.ActiveCfg = Debug|Win32
		{881F6A97-D539-4C48-B401-DF04385B2343}.Debug|Win32.Build.0 = Debug|Win32
		{881F6A97-D539-4C48-B401-DF04385B2343}.Release|Win32.ActiveCfg = Release|Win32
		{881F6A97-D539-4C48-B401-DF04385B2343}.Release|Win32.Build.0 = Release|Win32
		{883553BE-2A9D-418C-A121-61FE1DFBC562}.Debug|Win32.ActiveCfg = Debug|Win32
		{883553BE-2A9D-418C-A121-61FE1DFBC562}.Debug|Win32.Build.0 = Debug|Win32
		{883553BE-2A9D-418C-A121-61FE1DFBC562}.Release|Win32.ActiveCfg = Release|Win32
		{883553BE-2A9D-418C-A121-61FE1DFBC562}.Release|Win32.Build.0 = Release|Win32
		{B9CC7B0D-145A-49C2-B887-84E43CFA0F27}.Debug|Win32.ActiveCfg = Debug|Win32
		{B9CC7B0D-145A-49C2-B887-84E43CFA0F27}.Debug|Win32.Build.0 = Debug|Win32
		{B9CC7B0D-145A-49C2-B887-84E43CFA0F27}.Release|Win32.ActiveCfg = Release|Win32
		{B9CC7B0D-145A-49C2-B887-84E43CFA0F27}.Release|Win32.Build.0 = Release|Win32
		{F0F92189-193A-6607-C2BB-0F98BBD19ADF}.Debug|Win32.ActiveCfg = Debug|Win32
		{F0F92189-193A-6607-C2BB-0F98BBD19ADF}.Debug|Win32.Build.0 = Debug|Win32
		{F0F92189-193A-6607-C2BB-0F98BBD19ADF}.Release|Win32.ActiveCfg = Release|Win32
		{F0F92189-193A-6607-C2BB-0F98BBD19ADF}.Release|Win32.Build.0 = Release|Win32
		{CF757839-F2A1-417C-8F25-DCAE480020F1}.Debug|Win32.ActiveCfg = Debug|Win32
		{CF757839-F2A1-417C-8F25-DCAE480020F1}.Debug|Win32.Build.0 = Debug|Win32
		{CF757839-F2A1-417C-8F25-DCAE480020F1}.Release|Win32.ActiveCfg = Release|Win32
		{CF757839-F2A1-417C-8F25-DCAE480020F1}.Release|Win32.Build.0 = Release|Win32
		{AE5BFB87-850E-4454-B01D-58E7D8BAC224}.Debug|Win32.ActiveCfg = Debug|Win32
		{AE5BFB87-850E-4454-B01D-58E7D8BAC224}.Debug|Win32.Build.0 = Debug|Win32
		{AE5BFB87-850E-4454-B01D-58E7D8BAC224}.Release|Win32.ActiveCfg = Release|Win32
		{AE5BFB87-850E-4454-B01D-58E7D8BAC224}.Release|Win32.Build.0 = Release|Win32
		{ACDC2E06-0366-41A4-A646-C37E130A605D}.Debug|Win32.ActiveCfg = Debug|Win32
		{ACDC2E06-0366-41A4-A646-C37E130A605D}.Debug|Win32.Build.0 = Debug|Win32
		{ACDC2E06-0366-41A4-A646-C37E130A605D}.Release|Win32.ActiveCfg = Release|Win32
		{ACDC2E06-0366-41A4-A646-C37E130A605D}.Release|Win32.Build.0 = Release|Win32
		{386FA217-FBC2-4461-882D-CDAD221ED800}.Debug|Win32.ActiveCfg = Debug|Win32
		{386FA217-FBC2-4461-882D-CDAD221ED800}.Debug|Win32.Build.0 = Debug|Win32
		{386FA217-FBC2-4461-882D-CDAD221ED800}.Release|Win32.ActiveCfg = Release|Win32
		{386FA217-FBC2-4461-882D-CDAD221ED800}.Release|Win32.Build.0 = Release|Win32
		{542D4B3B-98D4-4233-B68D-0103891508C6}.Debug|Win32.ActiveCfg = Debug|Win32
		{542D4B3B-98D4-4233-B68D-0103891508C6}.Debug|Win32.Build.0 = Debug|Win32
		{542D4B3B-98D4-4233-B68D-0103891508C6}.Release|Win32.ActiveCfg = Release|Win32
		{542D4B3B-98D4-4233-B68D-0103891508C6}.Release|Win32.Build.0 = Release|Win32
		{1832A374-8A74-4F9E-B536-69A699B3E165}.Debug|Win32.ActiveCfg = Debug|Win32
		{1832A374-8A74-4F9E-B536-69A699B3E165}.Debug|Win32.Build.0 = Debug|Win32
		{1832A374-8A74-4F9E-B536-69A699B3E165}.Release|Win32.ActiveCfg = Release|Win32
		{1832A374-8A74-4F9E-B536-69A699B3E165}.Release|Win32.Build.0 = Release|Win32
		{BFE8E2A7-3B3B-43B0-A994-3058B852DB8B}.Debug|Win32.ActiveCfg = Debug|Win32
		{BFE8E2A7-3B3B-43B0-A994-3058B852DB8B}.Debug|Win32.Build.0 = Debug|Win32
		{BFE8E2A7-3B3B-43B0-A994-3058B852DB8B}.Release|Win32.ActiveCfg = Release|Win32
		{BFE8E2A7-3B3B-43B0-A994-3058B852DB8B}.Release|Win32.Build.0 = Release|Win32
	EndGlobalSection
	GlobalSection(SolutionProperties) = preSolution
		HideSolutionNode = FALSE
	EndGlobalSection
	GlobalSection(NestedProjects) = preSolution
		{883553BE-2A9D-418C-A121-61FE1DFBC562} = {F7A3B82E-B8B4-4FDF-BC8E-FEC9398F57ED}
		{B9CC7B0D-145A-49C2-B887-84E43CFA0F27} = {F7A3B82E-B8B4-4FDF-BC8E-FEC9398F57ED}
		{542D4B3B-98D4-4233-B68D-0103891508C6} = {F7A3B82E-B8B4-4FDF-BC8E-FEC9398F57ED}
		{F0F92189-193A-6607-C2BB-0F98BBD19ADF} = {BCE54389-D18D-48B9-977E-9D1998200F63}
		{1832A374-8A74-4F9E-B536-69A699B3E165} = {BCE54389-D18D-48B9-977E-9D1998200F63}
		{BFE8E2A7-3B3B-43B0-A994-3058B852DB8B} = {BCE54389-D18D-48B9-977E-9D1998200F63}
		{ACDC2E06-0366-41A4-A646-C37E130A605D} = {7F36EE20-5016-4051-B0D7-42824CDA0291}
		{386FA217-FBC2-4461-882D-CDAD221ED800} = {7F36EE20-5016-4051-B0D7-42824CDA0291}
		{CF757839-F2A1-417C-8F25-DCAE480020F1} = {B607BE7B-3555-422C-A40B-28E73C0B5E24}
		{AE5BFB87-850E-4454-B01D-58E7D8BAC224} = {B607BE7B-3555-422C-A40B-28E73C0B5E24}
	EndGlobalSection
EndGlobal
